// !$*UTF8*$!
{
	archiveVersion = 1;
	classes = {
	};
	objectVersion = 51;
	objects = {

/* Begin PBXBuildFile section */
		0BBC80D0DE56E29BE3C8C417 /* Pods_oextrace.framework in Frameworks */ = {isa = PBXBuildFile; fileRef = 8D4545DC893EFE0201145213 /* Pods_oextrace.framework */; };
		FA0F3801246582B70080B91B /* README.md in Resources */ = {isa = PBXBuildFile; fileRef = FA0F37FF246582B60080B91B /* README.md */; };
		FA314B9E24619EC700852AE2 /* AppDelegate.swift in Sources */ = {isa = PBXBuildFile; fileRef = FA314B9D24619EC700852AE2 /* AppDelegate.swift */; };
		FA314BA524619EC700852AE2 /* Main.storyboard in Resources */ = {isa = PBXBuildFile; fileRef = FA314BA324619EC700852AE2 /* Main.storyboard */; };
		FA314BA724619ECA00852AE2 /* Assets.xcassets in Resources */ = {isa = PBXBuildFile; fileRef = FA314BA624619ECA00852AE2 /* Assets.xcassets */; };
		FA314BAA24619ECA00852AE2 /* LaunchScreen.storyboard in Resources */ = {isa = PBXBuildFile; fileRef = FA314BA824619ECA00852AE2 /* LaunchScreen.storyboard */; };
		FA314BB524619ECA00852AE2 /* oextraceTests.swift in Sources */ = {isa = PBXBuildFile; fileRef = FA314BB424619ECA00852AE2 /* oextraceTests.swift */; };
		FA314BC12461A94100852AE2 /* MapKit.framework in Frameworks */ = {isa = PBXBuildFile; fileRef = FA314BC02461A94100852AE2 /* MapKit.framework */; };
		FA314BF52461ADFF00852AE2 /* NetworkUtil.swift in Sources */ = {isa = PBXBuildFile; fileRef = FA314BCB2461ADFE00852AE2 /* NetworkUtil.swift */; };
		FA314BF62461ADFF00852AE2 /* CryptoUtil.swift in Sources */ = {isa = PBXBuildFile; fileRef = FA314BCC2461ADFE00852AE2 /* CryptoUtil.swift */; };
		FA314BF72461ADFF00852AE2 /* LocationManager.swift in Sources */ = {isa = PBXBuildFile; fileRef = FA314BCF2461ADFE00852AE2 /* LocationManager.swift */; };
		FA314BF82461ADFF00852AE2 /* BtAdvertisingManager.swift in Sources */ = {isa = PBXBuildFile; fileRef = FA314BD12461ADFE00852AE2 /* BtAdvertisingManager.swift */; };
		FA314BF92461ADFF00852AE2 /* BtScanningManager.swift in Sources */ = {isa = PBXBuildFile; fileRef = FA314BD22461ADFE00852AE2 /* BtScanningManager.swift */; };
		FA314BFA2461ADFF00852AE2 /* BtServiceDefinition.swift in Sources */ = {isa = PBXBuildFile; fileRef = FA314BD32461ADFE00852AE2 /* BtServiceDefinition.swift */; };
		FA314BFB2461ADFF00852AE2 /* PeripheralDevice.swift in Sources */ = {isa = PBXBuildFile; fileRef = FA314BD42461ADFE00852AE2 /* PeripheralDevice.swift */; };
		FA314BFC2461ADFF00852AE2 /* DataManager.swift in Sources */ = {isa = PBXBuildFile; fileRef = FA314BD62461ADFE00852AE2 /* DataManager.swift */; };
		FA314BFD2461ADFF00852AE2 /* OnboardingManager.swift in Sources */ = {isa = PBXBuildFile; fileRef = FA314BD72461ADFE00852AE2 /* OnboardingManager.swift */; };
		FA314BFE2461ADFF00852AE2 /* QrContactsManager.swift in Sources */ = {isa = PBXBuildFile; fileRef = FA314BD82461ADFE00852AE2 /* QrContactsManager.swift */; };
		FA314BFF2461ADFF00852AE2 /* LocationIndexManager.swift in Sources */ = {isa = PBXBuildFile; fileRef = FA314BD92461ADFE00852AE2 /* LocationIndexManager.swift */; };
		FA314C002461ADFF00852AE2 /* KeysManager.swift in Sources */ = {isa = PBXBuildFile; fileRef = FA314BDA2461ADFE00852AE2 /* KeysManager.swift */; };
		FA314C012461ADFF00852AE2 /* EncryptionKeysManager.swift in Sources */ = {isa = PBXBuildFile; fileRef = FA314BDB2461ADFE00852AE2 /* EncryptionKeysManager.swift */; };
		FA314C022461ADFF00852AE2 /* TrackingManager.swift in Sources */ = {isa = PBXBuildFile; fileRef = FA314BDC2461ADFE00852AE2 /* TrackingManager.swift */; };
		FA314C032461ADFF00852AE2 /* LocationBordersManager.swift in Sources */ = {isa = PBXBuildFile; fileRef = FA314BDD2461ADFE00852AE2 /* LocationBordersManager.swift */; };
		FA314C042461ADFF00852AE2 /* TracksManager.swift in Sources */ = {isa = PBXBuildFile; fileRef = FA314BDE2461ADFE00852AE2 /* TracksManager.swift */; };
		FA314C052461ADFF00852AE2 /* UserSettingsManager.swift in Sources */ = {isa = PBXBuildFile; fileRef = FA314BDF2461ADFE00852AE2 /* UserSettingsManager.swift */; };
		FA314C062461ADFF00852AE2 /* BtLogsManager.swift in Sources */ = {isa = PBXBuildFile; fileRef = FA314BE02461ADFE00852AE2 /* BtLogsManager.swift */; };
		FA314C072461ADFF00852AE2 /* BtContactsManager.swift in Sources */ = {isa = PBXBuildFile; fileRef = FA314BE12461ADFE00852AE2 /* BtContactsManager.swift */; };
		FA314C092461ADFF00852AE2 /* RoundButton.swift in Sources */ = {isa = PBXBuildFile; fileRef = FA314BE42461ADFF00852AE2 /* RoundButton.swift */; };
		FA314C0B2461ADFF00852AE2 /* ControllerExtension.swift in Sources */ = {isa = PBXBuildFile; fileRef = FA314BE72461ADFF00852AE2 /* ControllerExtension.swift */; };
		FA314C0F2461ADFF00852AE2 /* RootViewController.swift in Sources */ = {isa = PBXBuildFile; fileRef = FA314BEB2461ADFF00852AE2 /* RootViewController.swift */; };
		FA314C102461ADFF00852AE2 /* MapViewController.swift in Sources */ = {isa = PBXBuildFile; fileRef = FA314BEC2461ADFF00852AE2 /* MapViewController.swift */; };
		FA314C172461ADFF00852AE2 /* StatusViewController.swift in Sources */ = {isa = PBXBuildFile; fileRef = FA314BF32461ADFF00852AE2 /* StatusViewController.swift */; };
		FA314C182461ADFF00852AE2 /* IndicatorViewController.swift in Sources */ = {isa = PBXBuildFile; fileRef = FA314BF42461ADFF00852AE2 /* IndicatorViewController.swift */; };
		FA314C1F2461AF2300852AE2 /* BtLogsViewController.swift in Sources */ = {isa = PBXBuildFile; fileRef = FA314C1D2461AF2300852AE2 /* BtLogsViewController.swift */; };
		FA314C202461AF2300852AE2 /* BtLogsViewController.xib in Resources */ = {isa = PBXBuildFile; fileRef = FA314C1E2461AF2300852AE2 /* BtLogsViewController.xib */; };
		FA314C232461AF3900852AE2 /* OnboardingViewController.swift in Sources */ = {isa = PBXBuildFile; fileRef = FA314C212461AF3900852AE2 /* OnboardingViewController.swift */; };
		FA314C242461AF3900852AE2 /* OnboardingViewController.xib in Resources */ = {isa = PBXBuildFile; fileRef = FA314C222461AF3900852AE2 /* OnboardingViewController.xib */; };
		FA314C272461AF4800852AE2 /* QrLinkViewController.swift in Sources */ = {isa = PBXBuildFile; fileRef = FA314C252461AF4800852AE2 /* QrLinkViewController.swift */; };
		FA314C282461AF4800852AE2 /* QrLinkViewController.xib in Resources */ = {isa = PBXBuildFile; fileRef = FA314C262461AF4800852AE2 /* QrLinkViewController.xib */; };
		FA314C2A2461B01F00852AE2 /* Localizable.strings in Resources */ = {isa = PBXBuildFile; fileRef = FA314C292461B01F00852AE2 /* Localizable.strings */; };
		FA314C2C2461B0BB00852AE2 /* GoogleService-Info.plist in Resources */ = {isa = PBXBuildFile; fileRef = FA314C2B2461B0BB00852AE2 /* GoogleService-Info.plist */; };
		FA314C2E2461B26A00852AE2 /* R.generated.swift in Sources */ = {isa = PBXBuildFile; fileRef = FA314C2D2461B26A00852AE2 /* R.generated.swift */; };
		FAB0C0C2246B165A001F7D52 /* LocationManager.swift in Sources */ = {isa = PBXBuildFile; fileRef = FA314BCF2461ADFE00852AE2 /* LocationManager.swift */; };
		FAB0C0C3246B165A001F7D52 /* LocationIndexManager.swift in Sources */ = {isa = PBXBuildFile; fileRef = FA314BD92461ADFE00852AE2 /* LocationIndexManager.swift */; };
		FAB0C0C4246B165A001F7D52 /* BtServiceDefinition.swift in Sources */ = {isa = PBXBuildFile; fileRef = FA314BD32461ADFE00852AE2 /* BtServiceDefinition.swift */; };
		FAB0C0C5246B165A001F7D52 /* OnboardingManager.swift in Sources */ = {isa = PBXBuildFile; fileRef = FA314BD72461ADFE00852AE2 /* OnboardingManager.swift */; };
		FAB0C0C6246B165A001F7D52 /* RootViewController.swift in Sources */ = {isa = PBXBuildFile; fileRef = FA314BEB2461ADFF00852AE2 /* RootViewController.swift */; };
		FAB0C0C7246B165A001F7D52 /* RoundButton.swift in Sources */ = {isa = PBXBuildFile; fileRef = FA314BE42461ADFF00852AE2 /* RoundButton.swift */; };
		FAB0C0C8246B165A001F7D52 /* NetworkUtil.swift in Sources */ = {isa = PBXBuildFile; fileRef = FA314BCB2461ADFE00852AE2 /* NetworkUtil.swift */; };
		FAB0C0C9246B165A001F7D52 /* OnboardingViewController.swift in Sources */ = {isa = PBXBuildFile; fileRef = FA314C212461AF3900852AE2 /* OnboardingViewController.swift */; };
		FAB0C0CA246B165A001F7D52 /* AppDelegate.swift in Sources */ = {isa = PBXBuildFile; fileRef = FA314B9D24619EC700852AE2 /* AppDelegate.swift */; };
		FAB0C0CB246B165A001F7D52 /* BtAdvertisingManager.swift in Sources */ = {isa = PBXBuildFile; fileRef = FA314BD12461ADFE00852AE2 /* BtAdvertisingManager.swift */; };
		FAB0C0CC246B165A001F7D52 /* BtLogsViewController.swift in Sources */ = {isa = PBXBuildFile; fileRef = FA314C1D2461AF2300852AE2 /* BtLogsViewController.swift */; };
		FAB0C0CD246B165A001F7D52 /* IndicatorViewController.swift in Sources */ = {isa = PBXBuildFile; fileRef = FA314BF42461ADFF00852AE2 /* IndicatorViewController.swift */; };
		FAB0C0CE246B165A001F7D52 /* BtLogsManager.swift in Sources */ = {isa = PBXBuildFile; fileRef = FA314BE02461ADFE00852AE2 /* BtLogsManager.swift */; };
		FAB0C0CF246B165A001F7D52 /* PeripheralDevice.swift in Sources */ = {isa = PBXBuildFile; fileRef = FA314BD42461ADFE00852AE2 /* PeripheralDevice.swift */; };
		FAB0C0D0246B165A001F7D52 /* BtScanningManager.swift in Sources */ = {isa = PBXBuildFile; fileRef = FA314BD22461ADFE00852AE2 /* BtScanningManager.swift */; };
		FAB0C0D1246B165A001F7D52 /* TrackingManager.swift in Sources */ = {isa = PBXBuildFile; fileRef = FA314BDC2461ADFE00852AE2 /* TrackingManager.swift */; };
		FAB0C0D2246B165A001F7D52 /* DataManager.swift in Sources */ = {isa = PBXBuildFile; fileRef = FA314BD62461ADFE00852AE2 /* DataManager.swift */; };
		FAB0C0D3246B165A001F7D52 /* EncryptionKeysManager.swift in Sources */ = {isa = PBXBuildFile; fileRef = FA314BDB2461ADFE00852AE2 /* EncryptionKeysManager.swift */; };
		FAB0C0D4246B165A001F7D52 /* QrLinkViewController.swift in Sources */ = {isa = PBXBuildFile; fileRef = FA314C252461AF4800852AE2 /* QrLinkViewController.swift */; };
		FAB0C0D5246B165A001F7D52 /* UserSettingsManager.swift in Sources */ = {isa = PBXBuildFile; fileRef = FA314BDF2461ADFE00852AE2 /* UserSettingsManager.swift */; };
		FAB0C0D6246B165A001F7D52 /* LocationBordersManager.swift in Sources */ = {isa = PBXBuildFile; fileRef = FA314BDD2461ADFE00852AE2 /* LocationBordersManager.swift */; };
		FAB0C0D7246B165A001F7D52 /* TracksManager.swift in Sources */ = {isa = PBXBuildFile; fileRef = FA314BDE2461ADFE00852AE2 /* TracksManager.swift */; };
		FAB0C0D8246B165A001F7D52 /* CryptoUtil.swift in Sources */ = {isa = PBXBuildFile; fileRef = FA314BCC2461ADFE00852AE2 /* CryptoUtil.swift */; };
		FAB0C0D9246B165A001F7D52 /* StatusViewController.swift in Sources */ = {isa = PBXBuildFile; fileRef = FA314BF32461ADFF00852AE2 /* StatusViewController.swift */; };
		FAB0C0DA246B165A001F7D52 /* ControllerExtension.swift in Sources */ = {isa = PBXBuildFile; fileRef = FA314BE72461ADFF00852AE2 /* ControllerExtension.swift */; };
		FAB0C0DB246B165A001F7D52 /* R.generated.swift in Sources */ = {isa = PBXBuildFile; fileRef = FA314C2D2461B26A00852AE2 /* R.generated.swift */; };
		FAB0C0DC246B165A001F7D52 /* MapViewController.swift in Sources */ = {isa = PBXBuildFile; fileRef = FA314BEC2461ADFF00852AE2 /* MapViewController.swift */; };
		FAB0C0DD246B165A001F7D52 /* QrContactsManager.swift in Sources */ = {isa = PBXBuildFile; fileRef = FA314BD82461ADFE00852AE2 /* QrContactsManager.swift */; };
		FAB0C0DE246B165A001F7D52 /* BtContactsManager.swift in Sources */ = {isa = PBXBuildFile; fileRef = FA314BE12461ADFE00852AE2 /* BtContactsManager.swift */; };
		FAB0C0DF246B165A001F7D52 /* KeysManager.swift in Sources */ = {isa = PBXBuildFile; fileRef = FA314BDA2461ADFE00852AE2 /* KeysManager.swift */; };
		FAB0C0E1246B165A001F7D52 /* MapKit.framework in Frameworks */ = {isa = PBXBuildFile; fileRef = FA314BC02461A94100852AE2 /* MapKit.framework */; };
		FAB0C0E2246B165A001F7D52 /* Pods_oextrace.framework in Frameworks */ = {isa = PBXBuildFile; fileRef = 8D4545DC893EFE0201145213 /* Pods_oextrace.framework */; };
		FAB0C0E4246B165A001F7D52 /* LaunchScreen.storyboard in Resources */ = {isa = PBXBuildFile; fileRef = FA314BA824619ECA00852AE2 /* LaunchScreen.storyboard */; };
		FAB0C0E5246B165A001F7D52 /* BtLogsViewController.xib in Resources */ = {isa = PBXBuildFile; fileRef = FA314C1E2461AF2300852AE2 /* BtLogsViewController.xib */; };
		FAB0C0E6246B165A001F7D52 /* README.md in Resources */ = {isa = PBXBuildFile; fileRef = FA0F37FF246582B60080B91B /* README.md */; };
		FAB0C0E8246B165A001F7D52 /* Assets.xcassets in Resources */ = {isa = PBXBuildFile; fileRef = FA314BA624619ECA00852AE2 /* Assets.xcassets */; };
		FAB0C0E9246B165A001F7D52 /* Main.storyboard in Resources */ = {isa = PBXBuildFile; fileRef = FA314BA324619EC700852AE2 /* Main.storyboard */; };
		FAB0C0EA246B165A001F7D52 /* Localizable.strings in Resources */ = {isa = PBXBuildFile; fileRef = FA314C292461B01F00852AE2 /* Localizable.strings */; };
		FAB0C0EB246B165A001F7D52 /* OnboardingViewController.xib in Resources */ = {isa = PBXBuildFile; fileRef = FA314C222461AF3900852AE2 /* OnboardingViewController.xib */; };
		FAB0C0EC246B165A001F7D52 /* QrLinkViewController.xib in Resources */ = {isa = PBXBuildFile; fileRef = FA314C262461AF4800852AE2 /* QrLinkViewController.xib */; };
		FAB0C0F8246B1877001F7D52 /* GoogleService-Info.plist in Resources */ = {isa = PBXBuildFile; fileRef = FAB0C0F7246B1877001F7D52 /* GoogleService-Info.plist */; };
/* End PBXBuildFile section */

/* Begin PBXContainerItemProxy section */
		FA314BB124619ECA00852AE2 /* PBXContainerItemProxy */ = {
			isa = PBXContainerItemProxy;
			containerPortal = FA314B9224619EC700852AE2 /* Project object */;
			proxyType = 1;
			remoteGlobalIDString = FA314B9924619EC700852AE2;
			remoteInfo = oextrace;
		};
/* End PBXContainerItemProxy section */

/* Begin PBXFileReference section */
		0E8C424996CDB9ADB6ED7379 /* Pods-oextrace.release.xcconfig */ = {isa = PBXFileReference; includeInIndex = 1; lastKnownFileType = text.xcconfig; name = "Pods-oextrace.release.xcconfig"; path = "Target Support Files/Pods-oextrace/Pods-oextrace.release.xcconfig"; sourceTree = "<group>"; };
		40722C0D5DC4FD64E6438527 /* Pods-oextrace.debug.xcconfig */ = {isa = PBXFileReference; includeInIndex = 1; lastKnownFileType = text.xcconfig; name = "Pods-oextrace.debug.xcconfig"; path = "Target Support Files/Pods-oextrace/Pods-oextrace.debug.xcconfig"; sourceTree = "<group>"; };
		8D4545DC893EFE0201145213 /* Pods_oextrace.framework */ = {isa = PBXFileReference; explicitFileType = wrapper.framework; includeInIndex = 0; path = Pods_oextrace.framework; sourceTree = BUILT_PRODUCTS_DIR; };
		FA0F37FF246582B60080B91B /* README.md */ = {isa = PBXFileReference; fileEncoding = 4; lastKnownFileType = net.daringfireball.markdown; path = README.md; sourceTree = "<group>"; };
		FA314B9A24619EC700852AE2 /* OExTrace DEV.app */ = {isa = PBXFileReference; explicitFileType = wrapper.application; includeInIndex = 0; path = "OExTrace DEV.app"; sourceTree = BUILT_PRODUCTS_DIR; };
		FA314B9D24619EC700852AE2 /* AppDelegate.swift */ = {isa = PBXFileReference; lastKnownFileType = sourcecode.swift; path = AppDelegate.swift; sourceTree = "<group>"; };
		FA314BA424619EC700852AE2 /* Base */ = {isa = PBXFileReference; lastKnownFileType = file.storyboard; name = Base; path = Base.lproj/Main.storyboard; sourceTree = "<group>"; };
		FA314BA624619ECA00852AE2 /* Assets.xcassets */ = {isa = PBXFileReference; lastKnownFileType = folder.assetcatalog; path = Assets.xcassets; sourceTree = "<group>"; };
		FA314BA924619ECA00852AE2 /* Base */ = {isa = PBXFileReference; lastKnownFileType = file.storyboard; name = Base; path = Base.lproj/LaunchScreen.storyboard; sourceTree = "<group>"; };
		FA314BAB24619ECA00852AE2 /* Info.plist */ = {isa = PBXFileReference; lastKnownFileType = text.plist.xml; path = Info.plist; sourceTree = "<group>"; };
		FA314BB024619ECA00852AE2 /* oextraceTests.xctest */ = {isa = PBXFileReference; explicitFileType = wrapper.cfbundle; includeInIndex = 0; path = oextraceTests.xctest; sourceTree = BUILT_PRODUCTS_DIR; };
		FA314BB424619ECA00852AE2 /* oextraceTests.swift */ = {isa = PBXFileReference; lastKnownFileType = sourcecode.swift; path = oextraceTests.swift; sourceTree = "<group>"; };
		FA314BB624619ECA00852AE2 /* Info.plist */ = {isa = PBXFileReference; lastKnownFileType = text.plist.xml; path = Info.plist; sourceTree = "<group>"; };
		FA314BBF2461A94000852AE2 /* OExTrace DEV.entitlements */ = {isa = PBXFileReference; lastKnownFileType = text.plist.entitlements; path = "OExTrace DEV.entitlements"; sourceTree = "<group>"; };
		FA314BC02461A94100852AE2 /* MapKit.framework */ = {isa = PBXFileReference; lastKnownFileType = wrapper.framework; name = MapKit.framework; path = System/Library/Frameworks/MapKit.framework; sourceTree = SDKROOT; };
		FA314BCB2461ADFE00852AE2 /* NetworkUtil.swift */ = {isa = PBXFileReference; fileEncoding = 4; lastKnownFileType = sourcecode.swift; path = NetworkUtil.swift; sourceTree = "<group>"; };
		FA314BCC2461ADFE00852AE2 /* CryptoUtil.swift */ = {isa = PBXFileReference; fileEncoding = 4; lastKnownFileType = sourcecode.swift; path = CryptoUtil.swift; sourceTree = "<group>"; };
		FA314BCF2461ADFE00852AE2 /* LocationManager.swift */ = {isa = PBXFileReference; fileEncoding = 4; lastKnownFileType = sourcecode.swift; path = LocationManager.swift; sourceTree = "<group>"; };
		FA314BD12461ADFE00852AE2 /* BtAdvertisingManager.swift */ = {isa = PBXFileReference; fileEncoding = 4; lastKnownFileType = sourcecode.swift; path = BtAdvertisingManager.swift; sourceTree = "<group>"; };
		FA314BD22461ADFE00852AE2 /* BtScanningManager.swift */ = {isa = PBXFileReference; fileEncoding = 4; lastKnownFileType = sourcecode.swift; path = BtScanningManager.swift; sourceTree = "<group>"; };
		FA314BD32461ADFE00852AE2 /* BtServiceDefinition.swift */ = {isa = PBXFileReference; fileEncoding = 4; lastKnownFileType = sourcecode.swift; path = BtServiceDefinition.swift; sourceTree = "<group>"; };
		FA314BD42461ADFE00852AE2 /* PeripheralDevice.swift */ = {isa = PBXFileReference; fileEncoding = 4; lastKnownFileType = sourcecode.swift; path = PeripheralDevice.swift; sourceTree = "<group>"; };
		FA314BD62461ADFE00852AE2 /* DataManager.swift */ = {isa = PBXFileReference; fileEncoding = 4; lastKnownFileType = sourcecode.swift; path = DataManager.swift; sourceTree = "<group>"; };
		FA314BD72461ADFE00852AE2 /* OnboardingManager.swift */ = {isa = PBXFileReference; fileEncoding = 4; lastKnownFileType = sourcecode.swift; path = OnboardingManager.swift; sourceTree = "<group>"; };
		FA314BD82461ADFE00852AE2 /* QrContactsManager.swift */ = {isa = PBXFileReference; fileEncoding = 4; lastKnownFileType = sourcecode.swift; path = QrContactsManager.swift; sourceTree = "<group>"; };
		FA314BD92461ADFE00852AE2 /* LocationIndexManager.swift */ = {isa = PBXFileReference; fileEncoding = 4; lastKnownFileType = sourcecode.swift; path = LocationIndexManager.swift; sourceTree = "<group>"; };
		FA314BDA2461ADFE00852AE2 /* KeysManager.swift */ = {isa = PBXFileReference; fileEncoding = 4; lastKnownFileType = sourcecode.swift; path = KeysManager.swift; sourceTree = "<group>"; };
		FA314BDB2461ADFE00852AE2 /* EncryptionKeysManager.swift */ = {isa = PBXFileReference; fileEncoding = 4; lastKnownFileType = sourcecode.swift; path = EncryptionKeysManager.swift; sourceTree = "<group>"; };
		FA314BDC2461ADFE00852AE2 /* TrackingManager.swift */ = {isa = PBXFileReference; fileEncoding = 4; lastKnownFileType = sourcecode.swift; path = TrackingManager.swift; sourceTree = "<group>"; };
		FA314BDD2461ADFE00852AE2 /* LocationBordersManager.swift */ = {isa = PBXFileReference; fileEncoding = 4; lastKnownFileType = sourcecode.swift; path = LocationBordersManager.swift; sourceTree = "<group>"; };
		FA314BDE2461ADFE00852AE2 /* TracksManager.swift */ = {isa = PBXFileReference; fileEncoding = 4; lastKnownFileType = sourcecode.swift; path = TracksManager.swift; sourceTree = "<group>"; };
		FA314BDF2461ADFE00852AE2 /* UserSettingsManager.swift */ = {isa = PBXFileReference; fileEncoding = 4; lastKnownFileType = sourcecode.swift; path = UserSettingsManager.swift; sourceTree = "<group>"; };
		FA314BE02461ADFE00852AE2 /* BtLogsManager.swift */ = {isa = PBXFileReference; fileEncoding = 4; lastKnownFileType = sourcecode.swift; path = BtLogsManager.swift; sourceTree = "<group>"; };
		FA314BE12461ADFE00852AE2 /* BtContactsManager.swift */ = {isa = PBXFileReference; fileEncoding = 4; lastKnownFileType = sourcecode.swift; path = BtContactsManager.swift; sourceTree = "<group>"; };
		FA314BE42461ADFF00852AE2 /* RoundButton.swift */ = {isa = PBXFileReference; fileEncoding = 4; lastKnownFileType = sourcecode.swift; path = RoundButton.swift; sourceTree = "<group>"; };
		FA314BE72461ADFF00852AE2 /* ControllerExtension.swift */ = {isa = PBXFileReference; fileEncoding = 4; lastKnownFileType = sourcecode.swift; path = ControllerExtension.swift; sourceTree = "<group>"; };
		FA314BEB2461ADFF00852AE2 /* RootViewController.swift */ = {isa = PBXFileReference; fileEncoding = 4; lastKnownFileType = sourcecode.swift; path = RootViewController.swift; sourceTree = "<group>"; };
		FA314BEC2461ADFF00852AE2 /* MapViewController.swift */ = {isa = PBXFileReference; fileEncoding = 4; lastKnownFileType = sourcecode.swift; path = MapViewController.swift; sourceTree = "<group>"; };
		FA314BF32461ADFF00852AE2 /* StatusViewController.swift */ = {isa = PBXFileReference; fileEncoding = 4; lastKnownFileType = sourcecode.swift; path = StatusViewController.swift; sourceTree = "<group>"; };
		FA314BF42461ADFF00852AE2 /* IndicatorViewController.swift */ = {isa = PBXFileReference; fileEncoding = 4; lastKnownFileType = sourcecode.swift; path = IndicatorViewController.swift; sourceTree = "<group>"; };
		FA314C1D2461AF2300852AE2 /* BtLogsViewController.swift */ = {isa = PBXFileReference; lastKnownFileType = sourcecode.swift; path = BtLogsViewController.swift; sourceTree = "<group>"; };
		FA314C1E2461AF2300852AE2 /* BtLogsViewController.xib */ = {isa = PBXFileReference; lastKnownFileType = file.xib; path = BtLogsViewController.xib; sourceTree = "<group>"; };
		FA314C212461AF3900852AE2 /* OnboardingViewController.swift */ = {isa = PBXFileReference; lastKnownFileType = sourcecode.swift; path = OnboardingViewController.swift; sourceTree = "<group>"; };
		FA314C222461AF3900852AE2 /* OnboardingViewController.xib */ = {isa = PBXFileReference; lastKnownFileType = file.xib; path = OnboardingViewController.xib; sourceTree = "<group>"; };
		FA314C252461AF4800852AE2 /* QrLinkViewController.swift */ = {isa = PBXFileReference; lastKnownFileType = sourcecode.swift; path = QrLinkViewController.swift; sourceTree = "<group>"; };
		FA314C262461AF4800852AE2 /* QrLinkViewController.xib */ = {isa = PBXFileReference; lastKnownFileType = file.xib; path = QrLinkViewController.xib; sourceTree = "<group>"; };
		FA314C292461B01F00852AE2 /* Localizable.strings */ = {isa = PBXFileReference; fileEncoding = 4; lastKnownFileType = text.plist.strings; path = Localizable.strings; sourceTree = "<group>"; };
		FA314C2B2461B0BB00852AE2 /* GoogleService-Info.plist */ = {isa = PBXFileReference; fileEncoding = 4; lastKnownFileType = text.plist.xml; path = "GoogleService-Info.plist"; sourceTree = "<group>"; };
		FA314C2D2461B26A00852AE2 /* R.generated.swift */ = {isa = PBXFileReference; fileEncoding = 4; lastKnownFileType = sourcecode.swift; path = R.generated.swift; sourceTree = "<group>"; };
		FAB0C0F2246B165A001F7D52 /* OExTrace.app */ = {isa = PBXFileReference; explicitFileType = wrapper.application; includeInIndex = 0; path = OExTrace.app; sourceTree = BUILT_PRODUCTS_DIR; };
		FAB0C0F4246B17FB001F7D52 /* OExTrace PROD.entitlements */ = {isa = PBXFileReference; fileEncoding = 4; lastKnownFileType = text.plist.entitlements; path = "OExTrace PROD.entitlements"; sourceTree = "<group>"; };
		FAB0C0F7246B1877001F7D52 /* GoogleService-Info.plist */ = {isa = PBXFileReference; fileEncoding = 4; lastKnownFileType = text.plist.xml; path = "GoogleService-Info.plist"; sourceTree = "<group>"; };
/* End PBXFileReference section */

/* Begin PBXFrameworksBuildPhase section */
		FA314B9724619EC700852AE2 /* Frameworks */ = {
			isa = PBXFrameworksBuildPhase;
			buildActionMask = 2147483647;
			files = (
				FA314BC12461A94100852AE2 /* MapKit.framework in Frameworks */,
				0BBC80D0DE56E29BE3C8C417 /* Pods_oextrace.framework in Frameworks */,
			);
			runOnlyForDeploymentPostprocessing = 0;
		};
		FA314BAD24619ECA00852AE2 /* Frameworks */ = {
			isa = PBXFrameworksBuildPhase;
			buildActionMask = 2147483647;
			files = (
			);
			runOnlyForDeploymentPostprocessing = 0;
		};
		FAB0C0E0246B165A001F7D52 /* Frameworks */ = {
			isa = PBXFrameworksBuildPhase;
			buildActionMask = 2147483647;
			files = (
				FAB0C0E1246B165A001F7D52 /* MapKit.framework in Frameworks */,
				FAB0C0E2246B165A001F7D52 /* Pods_oextrace.framework in Frameworks */,
			);
			runOnlyForDeploymentPostprocessing = 0;
		};
/* End PBXFrameworksBuildPhase section */

/* Begin PBXGroup section */
		1D6F4E1563B6C0328A85D577 /* Pods */ = {
			isa = PBXGroup;
			children = (
				40722C0D5DC4FD64E6438527 /* Pods-oextrace.debug.xcconfig */,
				0E8C424996CDB9ADB6ED7379 /* Pods-oextrace.release.xcconfig */,
			);
			path = Pods;
			sourceTree = "<group>";
		};
		77BA7763B9EF00BF60B4B37F /* Frameworks */ = {
			isa = PBXGroup;
			children = (
				FA314BC02461A94100852AE2 /* MapKit.framework */,
				8D4545DC893EFE0201145213 /* Pods_oextrace.framework */,
			);
			name = Frameworks;
			sourceTree = "<group>";
		};
		FA314B9124619EC700852AE2 = {
			isa = PBXGroup;
			children = (
				FA0F37FF246582B60080B91B /* README.md */,
				FA314C2D2461B26A00852AE2 /* R.generated.swift */,
				FA314B9C24619EC700852AE2 /* oextrace */,
				FA314BB324619ECA00852AE2 /* oextraceTests */,
				FA314B9B24619EC700852AE2 /* Products */,
				1D6F4E1563B6C0328A85D577 /* Pods */,
				77BA7763B9EF00BF60B4B37F /* Frameworks */,
			);
			sourceTree = "<group>";
		};
		FA314B9B24619EC700852AE2 /* Products */ = {
			isa = PBXGroup;
			children = (
				FA314B9A24619EC700852AE2 /* OExTrace DEV.app */,
				FA314BB024619ECA00852AE2 /* oextraceTests.xctest */,
				FAB0C0F2246B165A001F7D52 /* OExTrace.app */,
			);
			name = Products;
			sourceTree = "<group>";
		};
		FA314B9C24619EC700852AE2 /* oextrace */ = {
			isa = PBXGroup;
			children = (
				FAB0C0F5246B183E001F7D52 /* DEV */,
				FAB0C0F6246B1844001F7D52 /* PROD */,
				FAB0C0F4246B17FB001F7D52 /* OExTrace PROD.entitlements */,
				FA314BBF2461A94000852AE2 /* OExTrace DEV.entitlements */,
				FA314BAB24619ECA00852AE2 /* Info.plist */,
				FA314C292461B01F00852AE2 /* Localizable.strings */,
				FA314B9D24619EC700852AE2 /* AppDelegate.swift */,
				FA314BA624619ECA00852AE2 /* Assets.xcassets */,
				FA314BA824619ECA00852AE2 /* LaunchScreen.storyboard */,
				FA314BA324619EC700852AE2 /* Main.storyboard */,
				FA314BCD2461ADFE00852AE2 /* Services */,
				FA314BE32461ADFF00852AE2 /* UI */,
				FA314BCA2461ADFE00852AE2 /* Util */,
			);
			path = oextrace;
			sourceTree = "<group>";
		};
		FA314BB324619ECA00852AE2 /* oextraceTests */ = {
			isa = PBXGroup;
			children = (
				FA314BB424619ECA00852AE2 /* oextraceTests.swift */,
				FA314BB624619ECA00852AE2 /* Info.plist */,
			);
			path = oextraceTests;
			sourceTree = "<group>";
		};
		FA314BCA2461ADFE00852AE2 /* Util */ = {
			isa = PBXGroup;
			children = (
				FA314BCB2461ADFE00852AE2 /* NetworkUtil.swift */,
				FA314BCC2461ADFE00852AE2 /* CryptoUtil.swift */,
			);
			path = Util;
			sourceTree = "<group>";
		};
		FA314BCD2461ADFE00852AE2 /* Services */ = {
			isa = PBXGroup;
			children = (
				FA314BCE2461ADFE00852AE2 /* Location */,
				FA314BD02461ADFE00852AE2 /* Bluetooth */,
				FA314BD52461ADFE00852AE2 /* Persistence */,
			);
			path = Services;
			sourceTree = "<group>";
		};
		FA314BCE2461ADFE00852AE2 /* Location */ = {
			isa = PBXGroup;
			children = (
				FA314BCF2461ADFE00852AE2 /* LocationManager.swift */,
			);
			path = Location;
			sourceTree = "<group>";
		};
		FA314BD02461ADFE00852AE2 /* Bluetooth */ = {
			isa = PBXGroup;
			children = (
				FA314BD12461ADFE00852AE2 /* BtAdvertisingManager.swift */,
				FA314BD22461ADFE00852AE2 /* BtScanningManager.swift */,
				FA314BD32461ADFE00852AE2 /* BtServiceDefinition.swift */,
				FA314BD42461ADFE00852AE2 /* PeripheralDevice.swift */,
			);
			path = Bluetooth;
			sourceTree = "<group>";
		};
		FA314BD52461ADFE00852AE2 /* Persistence */ = {
			isa = PBXGroup;
			children = (
				FA314BD62461ADFE00852AE2 /* DataManager.swift */,
				FA314BD72461ADFE00852AE2 /* OnboardingManager.swift */,
				FA314BD82461ADFE00852AE2 /* QrContactsManager.swift */,
				FA314BD92461ADFE00852AE2 /* LocationIndexManager.swift */,
				FA314BDA2461ADFE00852AE2 /* KeysManager.swift */,
				FA314BDB2461ADFE00852AE2 /* EncryptionKeysManager.swift */,
				FA314BDC2461ADFE00852AE2 /* TrackingManager.swift */,
				FA314BDD2461ADFE00852AE2 /* LocationBordersManager.swift */,
				FA314BDE2461ADFE00852AE2 /* TracksManager.swift */,
				FA314BDF2461ADFE00852AE2 /* UserSettingsManager.swift */,
				FA314BE02461ADFE00852AE2 /* BtLogsManager.swift */,
				FA314BE12461ADFE00852AE2 /* BtContactsManager.swift */,
			);
			path = Persistence;
			sourceTree = "<group>";
		};
		FA314BE32461ADFF00852AE2 /* UI */ = {
			isa = PBXGroup;
			children = (
				FA314BE42461ADFF00852AE2 /* RoundButton.swift */,
				FA314BE52461ADFF00852AE2 /* Controllers */,
			);
			path = UI;
			sourceTree = "<group>";
		};
		FA314BE52461ADFF00852AE2 /* Controllers */ = {
			isa = PBXGroup;
			children = (
				FA314C1D2461AF2300852AE2 /* BtLogsViewController.swift */,
				FA314BE72461ADFF00852AE2 /* ControllerExtension.swift */,
				FA314BF42461ADFF00852AE2 /* IndicatorViewController.swift */,
				FA314BEC2461ADFF00852AE2 /* MapViewController.swift */,
				FA314C212461AF3900852AE2 /* OnboardingViewController.swift */,
				FA314C252461AF4800852AE2 /* QrLinkViewController.swift */,
				FA314BEB2461ADFF00852AE2 /* RootViewController.swift */,
				FA314BF32461ADFF00852AE2 /* StatusViewController.swift */,
				FA314C1E2461AF2300852AE2 /* BtLogsViewController.xib */,
				FA314C222461AF3900852AE2 /* OnboardingViewController.xib */,
				FA314C262461AF4800852AE2 /* QrLinkViewController.xib */,
			);
			path = Controllers;
			sourceTree = "<group>";
		};
		FAB0C0F5246B183E001F7D52 /* DEV */ = {
			isa = PBXGroup;
			children = (
				FA314C2B2461B0BB00852AE2 /* GoogleService-Info.plist */,
			);
			path = DEV;
			sourceTree = "<group>";
		};
		FAB0C0F6246B1844001F7D52 /* PROD */ = {
			isa = PBXGroup;
			children = (
				FAB0C0F7246B1877001F7D52 /* GoogleService-Info.plist */,
			);
			path = PROD;
			sourceTree = "<group>";
		};
/* End PBXGroup section */

/* Begin PBXNativeTarget section */
		FA314B9924619EC700852AE2 /* oextrace DEV */ = {
			isa = PBXNativeTarget;
			buildConfigurationList = FA314BB924619ECA00852AE2 /* Build configuration list for PBXNativeTarget "oextrace DEV" */;
			buildPhases = (
				6B1CF743B1555B67332F6374 /* [CP] Check Pods Manifest.lock */,
				FA314BC22461ACE900852AE2 /* ShellScript */,
				FA314B9624619EC700852AE2 /* Sources */,
				FA314B9724619EC700852AE2 /* Frameworks */,
				FA314B9824619EC700852AE2 /* Resources */,
				CF8952735BD2D06CEF481307 /* [CP] Embed Pods Frameworks */,
				FA314BC32461AD8500852AE2 /* ShellScript */,
			);
			buildRules = (
			);
			dependencies = (
			);
			name = "oextrace DEV";
			productName = oextrace;
			productReference = FA314B9A24619EC700852AE2 /* OExTrace DEV.app */;
			productType = "com.apple.product-type.application";
		};
		FA314BAF24619ECA00852AE2 /* oextraceTests */ = {
			isa = PBXNativeTarget;
			buildConfigurationList = FA314BBC24619ECA00852AE2 /* Build configuration list for PBXNativeTarget "oextraceTests" */;
			buildPhases = (
				FA314BAC24619ECA00852AE2 /* Sources */,
				FA314BAD24619ECA00852AE2 /* Frameworks */,
				FA314BAE24619ECA00852AE2 /* Resources */,
			);
			buildRules = (
			);
			dependencies = (
				FA314BB224619ECA00852AE2 /* PBXTargetDependency */,
			);
			name = oextraceTests;
			productName = oextraceTests;
			productReference = FA314BB024619ECA00852AE2 /* oextraceTests.xctest */;
			productType = "com.apple.product-type.bundle.unit-test";
		};
		FAB0C0BE246B165A001F7D52 /* oextrace PROD */ = {
			isa = PBXNativeTarget;
			buildConfigurationList = FAB0C0EF246B165A001F7D52 /* Build configuration list for PBXNativeTarget "oextrace PROD" */;
			buildPhases = (
				FAB0C0BF246B165A001F7D52 /* [CP] Check Pods Manifest.lock */,
				FAB0C0C0246B165A001F7D52 /* ShellScript */,
				FAB0C0C1246B165A001F7D52 /* Sources */,
				FAB0C0E0246B165A001F7D52 /* Frameworks */,
				FAB0C0E3246B165A001F7D52 /* Resources */,
				FAB0C0ED246B165A001F7D52 /* [CP] Embed Pods Frameworks */,
				FAB0C0EE246B165A001F7D52 /* ShellScript */,
			);
			buildRules = (
			);
			dependencies = (
			);
			name = "oextrace PROD";
			productName = oextrace;
			productReference = FAB0C0F2246B165A001F7D52 /* OExTrace.app */;
			productType = "com.apple.product-type.application";
		};
/* End PBXNativeTarget section */

/* Begin PBXProject section */
		FA314B9224619EC700852AE2 /* Project object */ = {
			isa = PBXProject;
			attributes = {
				LastSwiftUpdateCheck = 1140;
				LastUpgradeCheck = 1140;
				ORGANIZATIONNAME = OpenExposureTrace;
				TargetAttributes = {
					FA314B9924619EC700852AE2 = {
						CreatedOnToolsVersion = 11.4;
					};
					FA314BAF24619ECA00852AE2 = {
						CreatedOnToolsVersion = 11.4;
						TestTargetID = FA314B9924619EC700852AE2;
					};
				};
			};
			buildConfigurationList = FA314B9524619EC700852AE2 /* Build configuration list for PBXProject "oextrace" */;
			compatibilityVersion = "Xcode 9.3";
			developmentRegion = en;
			hasScannedForEncodings = 0;
			knownRegions = (
				en,
				Base,
			);
			mainGroup = FA314B9124619EC700852AE2;
			productRefGroup = FA314B9B24619EC700852AE2 /* Products */;
			projectDirPath = "";
			projectRoot = "";
			targets = (
				FA314B9924619EC700852AE2 /* oextrace DEV */,
				FAB0C0BE246B165A001F7D52 /* oextrace PROD */,
				FA314BAF24619ECA00852AE2 /* oextraceTests */,
			);
		};
/* End PBXProject section */

/* Begin PBXResourcesBuildPhase section */
		FA314B9824619EC700852AE2 /* Resources */ = {
			isa = PBXResourcesBuildPhase;
			buildActionMask = 2147483647;
			files = (
				FA314BAA24619ECA00852AE2 /* LaunchScreen.storyboard in Resources */,
				FA314C202461AF2300852AE2 /* BtLogsViewController.xib in Resources */,
				FA0F3801246582B70080B91B /* README.md in Resources */,
				FA314C2C2461B0BB00852AE2 /* GoogleService-Info.plist in Resources */,
				FA314BA724619ECA00852AE2 /* Assets.xcassets in Resources */,
				FA314BA524619EC700852AE2 /* Main.storyboard in Resources */,
				FA314C2A2461B01F00852AE2 /* Localizable.strings in Resources */,
				FA314C242461AF3900852AE2 /* OnboardingViewController.xib in Resources */,
				FA314C282461AF4800852AE2 /* QrLinkViewController.xib in Resources */,
			);
			runOnlyForDeploymentPostprocessing = 0;
		};
		FA314BAE24619ECA00852AE2 /* Resources */ = {
			isa = PBXResourcesBuildPhase;
			buildActionMask = 2147483647;
			files = (
			);
			runOnlyForDeploymentPostprocessing = 0;
		};
		FAB0C0E3246B165A001F7D52 /* Resources */ = {
			isa = PBXResourcesBuildPhase;
			buildActionMask = 2147483647;
			files = (
				FAB0C0E4246B165A001F7D52 /* LaunchScreen.storyboard in Resources */,
				FAB0C0E5246B165A001F7D52 /* BtLogsViewController.xib in Resources */,
				FAB0C0E6246B165A001F7D52 /* README.md in Resources */,
				FAB0C0E8246B165A001F7D52 /* Assets.xcassets in Resources */,
				FAB0C0E9246B165A001F7D52 /* Main.storyboard in Resources */,
				FAB0C0EA246B165A001F7D52 /* Localizable.strings in Resources */,
				FAB0C0F8246B1877001F7D52 /* GoogleService-Info.plist in Resources */,
				FAB0C0EB246B165A001F7D52 /* OnboardingViewController.xib in Resources */,
				FAB0C0EC246B165A001F7D52 /* QrLinkViewController.xib in Resources */,
			);
			runOnlyForDeploymentPostprocessing = 0;
		};
/* End PBXResourcesBuildPhase section */

/* Begin PBXShellScriptBuildPhase section */
		6B1CF743B1555B67332F6374 /* [CP] Check Pods Manifest.lock */ = {
			isa = PBXShellScriptBuildPhase;
			buildActionMask = 2147483647;
			files = (
			);
			inputFileListPaths = (
			);
			inputPaths = (
				"${PODS_PODFILE_DIR_PATH}/Podfile.lock",
				"${PODS_ROOT}/Manifest.lock",
			);
			name = "[CP] Check Pods Manifest.lock";
			outputFileListPaths = (
			);
			outputPaths = (
				"$(DERIVED_FILE_DIR)/Pods-oextrace-checkManifestLockResult.txt",
			);
			runOnlyForDeploymentPostprocessing = 0;
			shellPath = /bin/sh;
			shellScript = "diff \"${PODS_PODFILE_DIR_PATH}/Podfile.lock\" \"${PODS_ROOT}/Manifest.lock\" > /dev/null\nif [ $? != 0 ] ; then\n    # print error to STDERR\n    echo \"error: The sandbox is not in sync with the Podfile.lock. Run 'pod install' or update your CocoaPods installation.\" >&2\n    exit 1\nfi\n# This output is used by Xcode 'outputs' to avoid re-running this script phase.\necho \"SUCCESS\" > \"${SCRIPT_OUTPUT_FILE_0}\"\n";
			showEnvVarsInLog = 0;
		};
		CF8952735BD2D06CEF481307 /* [CP] Embed Pods Frameworks */ = {
			isa = PBXShellScriptBuildPhase;
			buildActionMask = 2147483647;
			files = (
			);
			inputFileListPaths = (
				"${PODS_ROOT}/Target Support Files/Pods-oextrace/Pods-oextrace-frameworks-${CONFIGURATION}-input-files.xcfilelist",
			);
			name = "[CP] Embed Pods Frameworks";
			outputFileListPaths = (
				"${PODS_ROOT}/Target Support Files/Pods-oextrace/Pods-oextrace-frameworks-${CONFIGURATION}-output-files.xcfilelist",
			);
			runOnlyForDeploymentPostprocessing = 0;
			shellPath = /bin/sh;
			shellScript = "\"${PODS_ROOT}/Target Support Files/Pods-oextrace/Pods-oextrace-frameworks.sh\"\n";
			showEnvVarsInLog = 0;
		};
		FA314BC22461ACE900852AE2 /* ShellScript */ = {
			isa = PBXShellScriptBuildPhase;
			buildActionMask = 2147483647;
			files = (
			);
			inputFileListPaths = (
			);
			inputPaths = (
				"$TEMP_DIR/rswift-lastrun",
			);
			outputFileListPaths = (
			);
			outputPaths = (
				$SRCROOT/R.generated.swift,
			);
			runOnlyForDeploymentPostprocessing = 0;
			shellPath = /bin/sh;
			shellScript = "\"$PODS_ROOT/R.swift/rswift\" generate \"$SRCROOT/R.generated.swift\"\n";
		};
		FA314BC32461AD8500852AE2 /* ShellScript */ = {
			isa = PBXShellScriptBuildPhase;
			buildActionMask = 2147483647;
			files = (
			);
			inputFileListPaths = (
			);
			inputPaths = (
			);
			outputFileListPaths = (
			);
			outputPaths = (
			);
			runOnlyForDeploymentPostprocessing = 0;
			shellPath = /bin/sh;
			shellScript = "\"${PODS_ROOT}/SwiftLint/swiftlint\"\n";
		};
		FAB0C0BF246B165A001F7D52 /* [CP] Check Pods Manifest.lock */ = {
			isa = PBXShellScriptBuildPhase;
			buildActionMask = 2147483647;
			files = (
			);
			inputFileListPaths = (
			);
			inputPaths = (
				"${PODS_PODFILE_DIR_PATH}/Podfile.lock",
				"${PODS_ROOT}/Manifest.lock",
			);
			name = "[CP] Check Pods Manifest.lock";
			outputFileListPaths = (
			);
			outputPaths = (
				"$(DERIVED_FILE_DIR)/Pods-oextrace-checkManifestLockResult.txt",
			);
			runOnlyForDeploymentPostprocessing = 0;
			shellPath = /bin/sh;
			shellScript = "diff \"${PODS_PODFILE_DIR_PATH}/Podfile.lock\" \"${PODS_ROOT}/Manifest.lock\" > /dev/null\nif [ $? != 0 ] ; then\n    # print error to STDERR\n    echo \"error: The sandbox is not in sync with the Podfile.lock. Run 'pod install' or update your CocoaPods installation.\" >&2\n    exit 1\nfi\n# This output is used by Xcode 'outputs' to avoid re-running this script phase.\necho \"SUCCESS\" > \"${SCRIPT_OUTPUT_FILE_0}\"\n";
			showEnvVarsInLog = 0;
		};
		FAB0C0C0246B165A001F7D52 /* ShellScript */ = {
			isa = PBXShellScriptBuildPhase;
			buildActionMask = 2147483647;
			files = (
			);
			inputFileListPaths = (
			);
			inputPaths = (
				"$TEMP_DIR/rswift-lastrun",
			);
			outputFileListPaths = (
			);
			outputPaths = (
				$SRCROOT/R.generated.swift,
			);
			runOnlyForDeploymentPostprocessing = 0;
			shellPath = /bin/sh;
			shellScript = "\"$PODS_ROOT/R.swift/rswift\" generate \"$SRCROOT/R.generated.swift\"\n";
		};
		FAB0C0ED246B165A001F7D52 /* [CP] Embed Pods Frameworks */ = {
			isa = PBXShellScriptBuildPhase;
			buildActionMask = 2147483647;
			files = (
			);
			inputFileListPaths = (
				"${PODS_ROOT}/Target Support Files/Pods-oextrace/Pods-oextrace-frameworks-${CONFIGURATION}-input-files.xcfilelist",
			);
			name = "[CP] Embed Pods Frameworks";
			outputFileListPaths = (
				"${PODS_ROOT}/Target Support Files/Pods-oextrace/Pods-oextrace-frameworks-${CONFIGURATION}-output-files.xcfilelist",
			);
			runOnlyForDeploymentPostprocessing = 0;
			shellPath = /bin/sh;
			shellScript = "\"${PODS_ROOT}/Target Support Files/Pods-oextrace/Pods-oextrace-frameworks.sh\"\n";
			showEnvVarsInLog = 0;
		};
		FAB0C0EE246B165A001F7D52 /* ShellScript */ = {
			isa = PBXShellScriptBuildPhase;
			buildActionMask = 2147483647;
			files = (
			);
			inputFileListPaths = (
			);
			inputPaths = (
			);
			outputFileListPaths = (
			);
			outputPaths = (
			);
			runOnlyForDeploymentPostprocessing = 0;
			shellPath = /bin/sh;
			shellScript = "\"${PODS_ROOT}/SwiftLint/swiftlint\"\n";
		};
/* End PBXShellScriptBuildPhase section */

/* Begin PBXSourcesBuildPhase section */
		FA314B9624619EC700852AE2 /* Sources */ = {
			isa = PBXSourcesBuildPhase;
			buildActionMask = 2147483647;
			files = (
				FA314BF72461ADFF00852AE2 /* LocationManager.swift in Sources */,
				FA314BFF2461ADFF00852AE2 /* LocationIndexManager.swift in Sources */,
				FA314BFA2461ADFF00852AE2 /* BtServiceDefinition.swift in Sources */,
				FA314BFD2461ADFF00852AE2 /* OnboardingManager.swift in Sources */,
				FA314C0F2461ADFF00852AE2 /* RootViewController.swift in Sources */,
				FA314C092461ADFF00852AE2 /* RoundButton.swift in Sources */,
				FA314BF52461ADFF00852AE2 /* NetworkUtil.swift in Sources */,
				FA314C232461AF3900852AE2 /* OnboardingViewController.swift in Sources */,
				FA314B9E24619EC700852AE2 /* AppDelegate.swift in Sources */,
				FA314BF82461ADFF00852AE2 /* BtAdvertisingManager.swift in Sources */,
				FA314C1F2461AF2300852AE2 /* BtLogsViewController.swift in Sources */,
				FA314C182461ADFF00852AE2 /* IndicatorViewController.swift in Sources */,
				FA314C062461ADFF00852AE2 /* BtLogsManager.swift in Sources */,
				FA314BFB2461ADFF00852AE2 /* PeripheralDevice.swift in Sources */,
				FA314BF92461ADFF00852AE2 /* BtScanningManager.swift in Sources */,
				FA314C022461ADFF00852AE2 /* TrackingManager.swift in Sources */,
				FA314BFC2461ADFF00852AE2 /* DataManager.swift in Sources */,
				FA314C012461ADFF00852AE2 /* EncryptionKeysManager.swift in Sources */,
				FA314C272461AF4800852AE2 /* QrLinkViewController.swift in Sources */,
				FA314C052461ADFF00852AE2 /* UserSettingsManager.swift in Sources */,
				FA314C032461ADFF00852AE2 /* LocationBordersManager.swift in Sources */,
				FA314C042461ADFF00852AE2 /* TracksManager.swift in Sources */,
				FA314BF62461ADFF00852AE2 /* CryptoUtil.swift in Sources */,
				FA314C172461ADFF00852AE2 /* StatusViewController.swift in Sources */,
				FA314C0B2461ADFF00852AE2 /* ControllerExtension.swift in Sources */,
				FA314C2E2461B26A00852AE2 /* R.generated.swift in Sources */,
				FA314C102461ADFF00852AE2 /* MapViewController.swift in Sources */,
				FA314BFE2461ADFF00852AE2 /* QrContactsManager.swift in Sources */,
				FA314C072461ADFF00852AE2 /* BtContactsManager.swift in Sources */,
				FA314C002461ADFF00852AE2 /* KeysManager.swift in Sources */,
			);
			runOnlyForDeploymentPostprocessing = 0;
		};
		FA314BAC24619ECA00852AE2 /* Sources */ = {
			isa = PBXSourcesBuildPhase;
			buildActionMask = 2147483647;
			files = (
				FA314BB524619ECA00852AE2 /* oextraceTests.swift in Sources */,
			);
			runOnlyForDeploymentPostprocessing = 0;
		};
		FAB0C0C1246B165A001F7D52 /* Sources */ = {
			isa = PBXSourcesBuildPhase;
			buildActionMask = 2147483647;
			files = (
				FAB0C0C2246B165A001F7D52 /* LocationManager.swift in Sources */,
				FAB0C0C3246B165A001F7D52 /* LocationIndexManager.swift in Sources */,
				FAB0C0C4246B165A001F7D52 /* BtServiceDefinition.swift in Sources */,
				FAB0C0C5246B165A001F7D52 /* OnboardingManager.swift in Sources */,
				FAB0C0C6246B165A001F7D52 /* RootViewController.swift in Sources */,
				FAB0C0C7246B165A001F7D52 /* RoundButton.swift in Sources */,
				FAB0C0C8246B165A001F7D52 /* NetworkUtil.swift in Sources */,
				FAB0C0C9246B165A001F7D52 /* OnboardingViewController.swift in Sources */,
				FAB0C0CA246B165A001F7D52 /* AppDelegate.swift in Sources */,
				FAB0C0CB246B165A001F7D52 /* BtAdvertisingManager.swift in Sources */,
				FAB0C0CC246B165A001F7D52 /* BtLogsViewController.swift in Sources */,
				FAB0C0CD246B165A001F7D52 /* IndicatorViewController.swift in Sources */,
				FAB0C0CE246B165A001F7D52 /* BtLogsManager.swift in Sources */,
				FAB0C0CF246B165A001F7D52 /* PeripheralDevice.swift in Sources */,
				FAB0C0D0246B165A001F7D52 /* BtScanningManager.swift in Sources */,
				FAB0C0D1246B165A001F7D52 /* TrackingManager.swift in Sources */,
				FAB0C0D2246B165A001F7D52 /* DataManager.swift in Sources */,
				FAB0C0D3246B165A001F7D52 /* EncryptionKeysManager.swift in Sources */,
				FAB0C0D4246B165A001F7D52 /* QrLinkViewController.swift in Sources */,
				FAB0C0D5246B165A001F7D52 /* UserSettingsManager.swift in Sources */,
				FAB0C0D6246B165A001F7D52 /* LocationBordersManager.swift in Sources */,
				FAB0C0D7246B165A001F7D52 /* TracksManager.swift in Sources */,
				FAB0C0D8246B165A001F7D52 /* CryptoUtil.swift in Sources */,
				FAB0C0D9246B165A001F7D52 /* StatusViewController.swift in Sources */,
				FAB0C0DA246B165A001F7D52 /* ControllerExtension.swift in Sources */,
				FAB0C0DB246B165A001F7D52 /* R.generated.swift in Sources */,
				FAB0C0DC246B165A001F7D52 /* MapViewController.swift in Sources */,
				FAB0C0DD246B165A001F7D52 /* QrContactsManager.swift in Sources */,
				FAB0C0DE246B165A001F7D52 /* BtContactsManager.swift in Sources */,
				FAB0C0DF246B165A001F7D52 /* KeysManager.swift in Sources */,
			);
			runOnlyForDeploymentPostprocessing = 0;
		};
/* End PBXSourcesBuildPhase section */

/* Begin PBXTargetDependency section */
		FA314BB224619ECA00852AE2 /* PBXTargetDependency */ = {
			isa = PBXTargetDependency;
			target = FA314B9924619EC700852AE2 /* oextrace DEV */;
			targetProxy = FA314BB124619ECA00852AE2 /* PBXContainerItemProxy */;
		};
/* End PBXTargetDependency section */

/* Begin PBXVariantGroup section */
		FA314BA324619EC700852AE2 /* Main.storyboard */ = {
			isa = PBXVariantGroup;
			children = (
				FA314BA424619EC700852AE2 /* Base */,
			);
			name = Main.storyboard;
			sourceTree = "<group>";
		};
		FA314BA824619ECA00852AE2 /* LaunchScreen.storyboard */ = {
			isa = PBXVariantGroup;
			children = (
				FA314BA924619ECA00852AE2 /* Base */,
			);
			name = LaunchScreen.storyboard;
			sourceTree = "<group>";
		};
/* End PBXVariantGroup section */

/* Begin XCBuildConfiguration section */
		FA314BB724619ECA00852AE2 /* Debug */ = {
			isa = XCBuildConfiguration;
			buildSettings = {
				ALWAYS_SEARCH_USER_PATHS = NO;
				CLANG_ANALYZER_NONNULL = YES;
				CLANG_ANALYZER_NUMBER_OBJECT_CONVERSION = YES_AGGRESSIVE;
				CLANG_CXX_LANGUAGE_STANDARD = "gnu++14";
				CLANG_CXX_LIBRARY = "libc++";
				CLANG_ENABLE_MODULES = YES;
				CLANG_ENABLE_OBJC_ARC = YES;
				CLANG_ENABLE_OBJC_WEAK = YES;
				CLANG_WARN_BLOCK_CAPTURE_AUTORELEASING = YES;
				CLANG_WARN_BOOL_CONVERSION = YES;
				CLANG_WARN_COMMA = YES;
				CLANG_WARN_CONSTANT_CONVERSION = YES;
				CLANG_WARN_DEPRECATED_OBJC_IMPLEMENTATIONS = YES;
				CLANG_WARN_DIRECT_OBJC_ISA_USAGE = YES_ERROR;
				CLANG_WARN_DOCUMENTATION_COMMENTS = YES;
				CLANG_WARN_EMPTY_BODY = YES;
				CLANG_WARN_ENUM_CONVERSION = YES;
				CLANG_WARN_INFINITE_RECURSION = YES;
				CLANG_WARN_INT_CONVERSION = YES;
				CLANG_WARN_NON_LITERAL_NULL_CONVERSION = YES;
				CLANG_WARN_OBJC_IMPLICIT_RETAIN_SELF = YES;
				CLANG_WARN_OBJC_LITERAL_CONVERSION = YES;
				CLANG_WARN_OBJC_ROOT_CLASS = YES_ERROR;
				CLANG_WARN_RANGE_LOOP_ANALYSIS = YES;
				CLANG_WARN_STRICT_PROTOTYPES = YES;
				CLANG_WARN_SUSPICIOUS_MOVE = YES;
				CLANG_WARN_UNGUARDED_AVAILABILITY = YES_AGGRESSIVE;
				CLANG_WARN_UNREACHABLE_CODE = YES;
				CLANG_WARN__DUPLICATE_METHOD_MATCH = YES;
				COPY_PHASE_STRIP = NO;
				DEBUG_INFORMATION_FORMAT = dwarf;
				ENABLE_STRICT_OBJC_MSGSEND = YES;
				ENABLE_TESTABILITY = YES;
				GCC_C_LANGUAGE_STANDARD = gnu11;
				GCC_DYNAMIC_NO_PIC = NO;
				GCC_NO_COMMON_BLOCKS = YES;
				GCC_OPTIMIZATION_LEVEL = 0;
				GCC_PREPROCESSOR_DEFINITIONS = (
					"DEBUG=1",
					"$(inherited)",
				);
				GCC_WARN_64_TO_32_BIT_CONVERSION = YES;
				GCC_WARN_ABOUT_RETURN_TYPE = YES_ERROR;
				GCC_WARN_UNDECLARED_SELECTOR = YES;
				GCC_WARN_UNINITIALIZED_AUTOS = YES_AGGRESSIVE;
				GCC_WARN_UNUSED_FUNCTION = YES;
				GCC_WARN_UNUSED_VARIABLE = YES;
				IPHONEOS_DEPLOYMENT_TARGET = 13.4;
				MTL_ENABLE_DEBUG_INFO = INCLUDE_SOURCE;
				MTL_FAST_MATH = YES;
				ONLY_ACTIVE_ARCH = YES;
				SDKROOT = iphoneos;
				SWIFT_ACTIVE_COMPILATION_CONDITIONS = DEBUG;
				SWIFT_OPTIMIZATION_LEVEL = "-Onone";
			};
			name = Debug;
		};
		FA314BB824619ECA00852AE2 /* Release */ = {
			isa = XCBuildConfiguration;
			buildSettings = {
				ALWAYS_SEARCH_USER_PATHS = NO;
				CLANG_ANALYZER_NONNULL = YES;
				CLANG_ANALYZER_NUMBER_OBJECT_CONVERSION = YES_AGGRESSIVE;
				CLANG_CXX_LANGUAGE_STANDARD = "gnu++14";
				CLANG_CXX_LIBRARY = "libc++";
				CLANG_ENABLE_MODULES = YES;
				CLANG_ENABLE_OBJC_ARC = YES;
				CLANG_ENABLE_OBJC_WEAK = YES;
				CLANG_WARN_BLOCK_CAPTURE_AUTORELEASING = YES;
				CLANG_WARN_BOOL_CONVERSION = YES;
				CLANG_WARN_COMMA = YES;
				CLANG_WARN_CONSTANT_CONVERSION = YES;
				CLANG_WARN_DEPRECATED_OBJC_IMPLEMENTATIONS = YES;
				CLANG_WARN_DIRECT_OBJC_ISA_USAGE = YES_ERROR;
				CLANG_WARN_DOCUMENTATION_COMMENTS = YES;
				CLANG_WARN_EMPTY_BODY = YES;
				CLANG_WARN_ENUM_CONVERSION = YES;
				CLANG_WARN_INFINITE_RECURSION = YES;
				CLANG_WARN_INT_CONVERSION = YES;
				CLANG_WARN_NON_LITERAL_NULL_CONVERSION = YES;
				CLANG_WARN_OBJC_IMPLICIT_RETAIN_SELF = YES;
				CLANG_WARN_OBJC_LITERAL_CONVERSION = YES;
				CLANG_WARN_OBJC_ROOT_CLASS = YES_ERROR;
				CLANG_WARN_RANGE_LOOP_ANALYSIS = YES;
				CLANG_WARN_STRICT_PROTOTYPES = YES;
				CLANG_WARN_SUSPICIOUS_MOVE = YES;
				CLANG_WARN_UNGUARDED_AVAILABILITY = YES_AGGRESSIVE;
				CLANG_WARN_UNREACHABLE_CODE = YES;
				CLANG_WARN__DUPLICATE_METHOD_MATCH = YES;
				COPY_PHASE_STRIP = NO;
				DEBUG_INFORMATION_FORMAT = "dwarf-with-dsym";
				ENABLE_NS_ASSERTIONS = NO;
				ENABLE_STRICT_OBJC_MSGSEND = YES;
				GCC_C_LANGUAGE_STANDARD = gnu11;
				GCC_NO_COMMON_BLOCKS = YES;
				GCC_WARN_64_TO_32_BIT_CONVERSION = YES;
				GCC_WARN_ABOUT_RETURN_TYPE = YES_ERROR;
				GCC_WARN_UNDECLARED_SELECTOR = YES;
				GCC_WARN_UNINITIALIZED_AUTOS = YES_AGGRESSIVE;
				GCC_WARN_UNUSED_FUNCTION = YES;
				GCC_WARN_UNUSED_VARIABLE = YES;
				IPHONEOS_DEPLOYMENT_TARGET = 13.4;
				MTL_ENABLE_DEBUG_INFO = NO;
				MTL_FAST_MATH = YES;
				SDKROOT = iphoneos;
				SWIFT_COMPILATION_MODE = wholemodule;
				SWIFT_OPTIMIZATION_LEVEL = "-O";
				VALIDATE_PRODUCT = YES;
			};
			name = Release;
		};
		FA314BBA24619ECA00852AE2 /* Debug */ = {
			isa = XCBuildConfiguration;
			baseConfigurationReference = 40722C0D5DC4FD64E6438527 /* Pods-oextrace.debug.xcconfig */;
			buildSettings = {
				ASSETCATALOG_COMPILER_APPICON_NAME = AppIcon;
				CODE_SIGN_ENTITLEMENTS = "oextrace/OExTrace DEV.entitlements";
				CODE_SIGN_STYLE = Automatic;
				CURRENT_PROJECT_VERSION = 2;
				DEVELOPMENT_TEAM = S5ENNERNQZ;
				INFOPLIST_FILE = oextrace/Info.plist;
				IPHONEOS_DEPLOYMENT_TARGET = 11.0;
				LD_RUNPATH_SEARCH_PATHS = (
					"$(inherited)",
					"@executable_path/Frameworks",
				);
				MARKETING_VERSION = 0.0.1;
				OTHER_SWIFT_FLAGS = "$(inherited) -DDEVELOPMENT";
				PRODUCT_BUNDLE_IDENTIFIER = org.openexposuretrace.oextrace.dev;
				PRODUCT_NAME = "OExTrace DEV";
				SWIFT_VERSION = 5.0;
				TARGETED_DEVICE_FAMILY = "1,2";
			};
			name = Debug;
		};
		FA314BBB24619ECA00852AE2 /* Release */ = {
			isa = XCBuildConfiguration;
			baseConfigurationReference = 0E8C424996CDB9ADB6ED7379 /* Pods-oextrace.release.xcconfig */;
			buildSettings = {
				ASSETCATALOG_COMPILER_APPICON_NAME = AppIcon;
				CODE_SIGN_ENTITLEMENTS = "oextrace/OExTrace DEV.entitlements";
				CODE_SIGN_STYLE = Automatic;
				CURRENT_PROJECT_VERSION = 2;
				DEVELOPMENT_TEAM = S5ENNERNQZ;
				INFOPLIST_FILE = oextrace/Info.plist;
				IPHONEOS_DEPLOYMENT_TARGET = 11.0;
				LD_RUNPATH_SEARCH_PATHS = (
					"$(inherited)",
					"@executable_path/Frameworks",
				);
				MARKETING_VERSION = 0.0.1;
				OTHER_SWIFT_FLAGS = "$(inherited) -DDEVELOPMENT";
				PRODUCT_BUNDLE_IDENTIFIER = org.openexposuretrace.oextrace.dev;
				PRODUCT_NAME = "OExTrace DEV";
				SWIFT_VERSION = 5.0;
				TARGETED_DEVICE_FAMILY = "1,2";
			};
			name = Release;
		};
		FA314BBD24619ECA00852AE2 /* Debug */ = {
			isa = XCBuildConfiguration;
			buildSettings = {
				ALWAYS_EMBED_SWIFT_STANDARD_LIBRARIES = YES;
				BUNDLE_LOADER = "$(TEST_HOST)";
				CODE_SIGN_STYLE = Automatic;
				DEVELOPMENT_TEAM = S5ENNERNQZ;
				INFOPLIST_FILE = oextraceTests/Info.plist;
				IPHONEOS_DEPLOYMENT_TARGET = 13.4;
				LD_RUNPATH_SEARCH_PATHS = (
					"$(inherited)",
					"@executable_path/Frameworks",
					"@loader_path/Frameworks",
				);
				PRODUCT_BUNDLE_IDENTIFIER = org.openexposuretrace.oextraceTests;
				PRODUCT_NAME = "$(TARGET_NAME)";
				SWIFT_VERSION = 5.0;
				TARGETED_DEVICE_FAMILY = "1,2";
				TEST_HOST = "$(BUILT_PRODUCTS_DIR)/oextrace.app/oextrace";
			};
			name = Debug;
		};
		FA314BBE24619ECA00852AE2 /* Release */ = {
			isa = XCBuildConfiguration;
			buildSettings = {
				ALWAYS_EMBED_SWIFT_STANDARD_LIBRARIES = YES;
				BUNDLE_LOADER = "$(TEST_HOST)";
				CODE_SIGN_STYLE = Automatic;
				DEVELOPMENT_TEAM = S5ENNERNQZ;
				INFOPLIST_FILE = oextraceTests/Info.plist;
				IPHONEOS_DEPLOYMENT_TARGET = 13.4;
				LD_RUNPATH_SEARCH_PATHS = (
					"$(inherited)",
					"@executable_path/Frameworks",
					"@loader_path/Frameworks",
				);
				PRODUCT_BUNDLE_IDENTIFIER = org.openexposuretrace.oextraceTests;
				PRODUCT_NAME = "$(TARGET_NAME)";
				SWIFT_VERSION = 5.0;
				TARGETED_DEVICE_FAMILY = "1,2";
				TEST_HOST = "$(BUILT_PRODUCTS_DIR)/oextrace.app/oextrace";
			};
			name = Release;
		};
		FAB0C0F0246B165A001F7D52 /* Debug */ = {
			isa = XCBuildConfiguration;
			baseConfigurationReference = 40722C0D5DC4FD64E6438527 /* Pods-oextrace.debug.xcconfig */;
			buildSettings = {
				ASSETCATALOG_COMPILER_APPICON_NAME = AppIcon;
				CODE_SIGN_ENTITLEMENTS = "oextrace/OExTrace PROD.entitlements";
				CODE_SIGN_STYLE = Automatic;
				CURRENT_PROJECT_VERSION = 2;
				DEVELOPMENT_TEAM = S5ENNERNQZ;
				INFOPLIST_FILE = oextrace/Info.plist;
				IPHONEOS_DEPLOYMENT_TARGET = 11.0;
				LD_RUNPATH_SEARCH_PATHS = (
					"$(inherited)",
					"@executable_path/Frameworks",
				);
				MARKETING_VERSION = 0.0.1;
				PRODUCT_BUNDLE_IDENTIFIER = org.openexposuretrace.oextrace;
				PRODUCT_NAME = OExTrace;
				SWIFT_VERSION = 5.0;
				TARGETED_DEVICE_FAMILY = "1,2";
			};
			name = Debug;
		};
		FAB0C0F1246B165A001F7D52 /* Release */ = {
			isa = XCBuildConfiguration;
			baseConfigurationReference = 0E8C424996CDB9ADB6ED7379 /* Pods-oextrace.release.xcconfig */;
			buildSettings = {
				ASSETCATALOG_COMPILER_APPICON_NAME = AppIcon;
				CODE_SIGN_ENTITLEMENTS = "oextrace/OExTrace PROD.entitlements";
				CODE_SIGN_STYLE = Automatic;
				CURRENT_PROJECT_VERSION = 2;
				DEVELOPMENT_TEAM = S5ENNERNQZ;
				INFOPLIST_FILE = oextrace/Info.plist;
				IPHONEOS_DEPLOYMENT_TARGET = 11.0;
				LD_RUNPATH_SEARCH_PATHS = (
					"$(inherited)",
					"@executable_path/Frameworks",
				);
				MARKETING_VERSION = 0.0.1;
				PRODUCT_BUNDLE_IDENTIFIER = org.openexposuretrace.oextrace;
				PRODUCT_NAME = OExTrace;
				SWIFT_VERSION = 5.0;
				TARGETED_DEVICE_FAMILY = "1,2";
			};
			name = Release;
		};
/* End XCBuildConfiguration section */

/* Begin XCConfigurationList section */
		FA314B9524619EC700852AE2 /* Build configuration list for PBXProject "oextrace" */ = {
			isa = XCConfigurationList;
			buildConfigurations = (
				FA314BB724619ECA00852AE2 /* Debug */,
				FA314BB824619ECA00852AE2 /* Release */,
			);
			defaultConfigurationIsVisible = 0;
			defaultConfigurationName = Release;
		};
		FA314BB924619ECA00852AE2 /* Build configuration list for PBXNativeTarget "oextrace DEV" */ = {
			isa = XCConfigurationList;
			buildConfigurations = (
				FA314BBA24619ECA00852AE2 /* Debug */,
				FA314BBB24619ECA00852AE2 /* Release */,
			);
			defaultConfigurationIsVisible = 0;
			defaultConfigurationName = Release;
		};
		FA314BBC24619ECA00852AE2 /* Build configuration list for PBXNativeTarget "oextraceTests" */ = {
			isa = XCConfigurationList;
			buildConfigurations = (
				FA314BBD24619ECA00852AE2 /* Debug */,
				FA314BBE24619ECA00852AE2 /* Release */,
			);
			defaultConfigurationIsVisible = 0;
			defaultConfigurationName = Release;
		};
		FAB0C0EF246B165A001F7D52 /* Build configuration list for PBXNativeTarget "oextrace PROD" */ = {
			isa = XCConfigurationList;
			buildConfigurations = (
				FAB0C0F0246B165A001F7D52 /* Debug */,
				FAB0C0F1246B165A001F7D52 /* Release */,
			);
			defaultConfigurationIsVisible = 0;
			defaultConfigurationName = Release;
		};
/* End XCConfigurationList section */
	};
	rootObject = FA314B9224619EC700852AE2 /* Project object */;
}
